// !$*UTF8*$!
{
	archiveVersion = 1;
	classes = {
	};
	objectVersion = 50;
	objects = {

/* Begin PBXBuildFile section */
		6F61BEBF2383B564000B449F /* AppDelegate.swift in Sources */ = {isa = PBXBuildFile; fileRef = 6F61BEBE2383B564000B449F /* AppDelegate.swift */; };
		6F61BEC12383B564000B449F /* SceneDelegate.swift in Sources */ = {isa = PBXBuildFile; fileRef = 6F61BEC02383B564000B449F /* SceneDelegate.swift */; };
		6F61BEC32383B564000B449F /* ViewController.swift in Sources */ = {isa = PBXBuildFile; fileRef = 6F61BEC22383B564000B449F /* ViewController.swift */; };
		6F61BEC62383B565000B449F /* Main.storyboard in Resources */ = {isa = PBXBuildFile; fileRef = 6F61BEC42383B565000B449F /* Main.storyboard */; };
		6F61BEC82383B566000B449F /* Assets.xcassets in Resources */ = {isa = PBXBuildFile; fileRef = 6F61BEC72383B566000B449F /* Assets.xcassets */; };
		6F61BECB2383B566000B449F /* LaunchScreen.storyboard in Resources */ = {isa = PBXBuildFile; fileRef = 6F61BEC92383B566000B449F /* LaunchScreen.storyboard */; };
		6F61BED62383B566000B449F /* CheckinControlTests.swift in Sources */ = {isa = PBXBuildFile; fileRef = 6F61BED52383B566000B449F /* CheckinControlTests.swift */; };
/* End PBXBuildFile section */

/* Begin PBXContainerItemProxy section */
		6F61BED22383B566000B449F /* PBXContainerItemProxy */ = {
			isa = PBXContainerItemProxy;
			containerPortal = 6F61BEB32383B564000B449F /* Project object */;
			proxyType = 1;
			remoteGlobalIDString = 6F61BEBA2383B564000B449F;
			remoteInfo = CheckinControl;
		};
/* End PBXContainerItemProxy section */

/* Begin PBXFileReference section */
		6F61BEBB2383B564000B449F /* CheckinControl.app */ = {isa = PBXFileReference; explicitFileType = wrapper.application; includeInIndex = 0; path = CheckinControl.app; sourceTree = BUILT_PRODUCTS_DIR; };
		6F61BEBE2383B564000B449F /* AppDelegate.swift */ = {isa = PBXFileReference; lastKnownFileType = sourcecode.swift; path = AppDelegate.swift; sourceTree = "<group>"; };
		6F61BEC02383B564000B449F /* SceneDelegate.swift */ = {isa = PBXFileReference; lastKnownFileType = sourcecode.swift; path = SceneDelegate.swift; sourceTree = "<group>"; };
		6F61BEC22383B564000B449F /* ViewController.swift */ = {isa = PBXFileReference; lastKnownFileType = sourcecode.swift; path = ViewController.swift; sourceTree = "<group>"; };
		6F61BEC52383B565000B449F /* Base */ = {isa = PBXFileReference; lastKnownFileType = file.storyboard; name = Base; path = Base.lproj/Main.storyboard; sourceTree = "<group>"; };
		6F61BEC72383B566000B449F /* Assets.xcassets */ = {isa = PBXFileReference; lastKnownFileType = folder.assetcatalog; path = Assets.xcassets; sourceTree = "<group>"; };
		6F61BECA2383B566000B449F /* Base */ = {isa = PBXFileReference; lastKnownFileType = file.storyboard; name = Base; path = Base.lproj/LaunchScreen.storyboard; sourceTree = "<group>"; };
		6F61BECC2383B566000B449F /* Info.plist */ = {isa = PBXFileReference; lastKnownFileType = text.plist.xml; path = Info.plist; sourceTree = "<group>"; };
		6F61BED12383B566000B449F /* CheckinControlTests.xctest */ = {isa = PBXFileReference; explicitFileType = wrapper.cfbundle; includeInIndex = 0; path = CheckinControlTests.xctest; sourceTree = BUILT_PRODUCTS_DIR; };
		6F61BED52383B566000B449F /* CheckinControlTests.swift */ = {isa = PBXFileReference; lastKnownFileType = sourcecode.swift; path = CheckinControlTests.swift; sourceTree = "<group>"; };
		6F61BED72383B566000B449F /* Info.plist */ = {isa = PBXFileReference; lastKnownFileType = text.plist.xml; path = Info.plist; sourceTree = "<group>"; };
/* End PBXFileReference section */

/* Begin PBXFrameworksBuildPhase section */
		6F61BEB82383B564000B449F /* Frameworks */ = {
			isa = PBXFrameworksBuildPhase;
			buildActionMask = 2147483647;
			files = (
			);
			runOnlyForDeploymentPostprocessing = 0;
		};
		6F61BECE2383B566000B449F /* Frameworks */ = {
			isa = PBXFrameworksBuildPhase;
			buildActionMask = 2147483647;
			files = (
			);
			runOnlyForDeploymentPostprocessing = 0;
		};
/* End PBXFrameworksBuildPhase section */

/* Begin PBXGroup section */
		6F61BEB22383B564000B449F = {
			isa = PBXGroup;
			children = (
				6F61BEBD2383B564000B449F /* CheckinControl */,
				6F61BED42383B566000B449F /* CheckinControlTests */,
				6F61BEBC2383B564000B449F /* Products */,
			);
			sourceTree = "<group>";
		};
		6F61BEBC2383B564000B449F /* Products */ = {
			isa = PBXGroup;
			children = (
				6F61BEBB2383B564000B449F /* CheckinControl.app */,
				6F61BED12383B566000B449F /* CheckinControlTests.xctest */,
			);
			name = Products;
			sourceTree = "<group>";
		};
		6F61BEBD2383B564000B449F /* CheckinControl */ = {
			isa = PBXGroup;
			children = (
				6F61BEBE2383B564000B449F /* AppDelegate.swift */,
				6F61BEC02383B564000B449F /* SceneDelegate.swift */,
				6F61BEC22383B564000B449F /* ViewController.swift */,
				6F61BEC42383B565000B449F /* Main.storyboard */,
				6F61BEC72383B566000B449F /* Assets.xcassets */,
				6F61BEC92383B566000B449F /* LaunchScreen.storyboard */,
				6F61BECC2383B566000B449F /* Info.plist */,
			);
			path = CheckinControl;
			sourceTree = "<group>";
		};
		6F61BED42383B566000B449F /* CheckinControlTests */ = {
			isa = PBXGroup;
			children = (
				6F61BED52383B566000B449F /* CheckinControlTests.swift */,
				6F61BED72383B566000B449F /* Info.plist */,
			);
			path = CheckinControlTests;
			sourceTree = "<group>";
		};
/* End PBXGroup section */

/* Begin PBXNativeTarget section */
		6F61BEBA2383B564000B449F /* CheckinControl */ = {
			isa = PBXNativeTarget;
			buildConfigurationList = 6F61BEDA2383B566000B449F /* Build configuration list for PBXNativeTarget "CheckinControl" */;
			buildPhases = (
				6F61BEB72383B564000B449F /* Sources */,
				6F61BEB82383B564000B449F /* Frameworks */,
				6F61BEB92383B564000B449F /* Resources */,
			);
			buildRules = (
			);
			dependencies = (
			);
			name = CheckinControl;
			productName = CheckinControl;
			productReference = 6F61BEBB2383B564000B449F /* CheckinControl.app */;
			productType = "com.apple.product-type.application";
		};
		6F61BED02383B566000B449F /* CheckinControlTests */ = {
			isa = PBXNativeTarget;
			buildConfigurationList = 6F61BEDD2383B566000B449F /* Build configuration list for PBXNativeTarget "CheckinControlTests" */;
			buildPhases = (
				6F61BECD2383B566000B449F /* Sources */,
				6F61BECE2383B566000B449F /* Frameworks */,
				6F61BECF2383B566000B449F /* Resources */,
			);
			buildRules = (
			);
			dependencies = (
				6F61BED32383B566000B449F /* PBXTargetDependency */,
			);
			name = CheckinControlTests;
			productName = CheckinControlTests;
			productReference = 6F61BED12383B566000B449F /* CheckinControlTests.xctest */;
			productType = "com.apple.product-type.bundle.unit-test";
		};
/* End PBXNativeTarget section */

/* Begin PBXProject section */
		6F61BEB32383B564000B449F /* Project object */ = {
			isa = PBXProject;
			attributes = {
				LastSwiftUpdateCheck = 1110;
				LastUpgradeCheck = 1110;
				ORGANIZATIONNAME = XuanzheZhu;
				TargetAttributes = {
					6F61BEBA2383B564000B449F = {
						CreatedOnToolsVersion = 11.1;
					};
					6F61BED02383B566000B449F = {
						CreatedOnToolsVersion = 11.1;
						TestTargetID = 6F61BEBA2383B564000B449F;
					};
				};
			};
			buildConfigurationList = 6F61BEB62383B564000B449F /* Build configuration list for PBXProject "CheckinControl" */;
			compatibilityVersion = "Xcode 9.3";
			developmentRegion = en;
			hasScannedForEncodings = 0;
			knownRegions = (
				en,
				Base,
			);
			mainGroup = 6F61BEB22383B564000B449F;
			productRefGroup = 6F61BEBC2383B564000B449F /* Products */;
			projectDirPath = "";
			projectRoot = "";
			targets = (
				6F61BEBA2383B564000B449F /* CheckinControl */,
				6F61BED02383B566000B449F /* CheckinControlTests */,
			);
		};
/* End PBXProject section */

/* Begin PBXResourcesBuildPhase section */
		6F61BEB92383B564000B449F /* Resources */ = {
			isa = PBXResourcesBuildPhase;
			buildActionMask = 2147483647;
			files = (
				6F61BECB2383B566000B449F /* LaunchScreen.storyboard in Resources */,
				6F61BEC82383B566000B449F /* Assets.xcassets in Resources */,
				6F61BEC62383B565000B449F /* Main.storyboard in Resources */,
			);
			runOnlyForDeploymentPostprocessing = 0;
		};
		6F61BECF2383B566000B449F /* Resources */ = {
			isa = PBXResourcesBuildPhase;
			buildActionMask = 2147483647;
			files = (
			);
			runOnlyForDeploymentPostprocessing = 0;
		};
/* End PBXResourcesBuildPhase section */

/* Begin PBXSourcesBuildPhase section */
		6F61BEB72383B564000B449F /* Sources */ = {
			isa = PBXSourcesBuildPhase;
			buildActionMask = 2147483647;
			files = (
				6F61BEC32383B564000B449F /* ViewController.swift in Sources */,
				6F61BEBF2383B564000B449F /* AppDelegate.swift in Sources */,
				6F61BEC12383B564000B449F /* SceneDelegate.swift in Sources */,
			);
			runOnlyForDeploymentPostprocessing = 0;
		};
		6F61BECD2383B566000B449F /* Sources */ = {
			isa = PBXSourcesBuildPhase;
			buildActionMask = 2147483647;
			files = (
				6F61BED62383B566000B449F /* CheckinControlTests.swift in Sources */,
			);
			runOnlyForDeploymentPostprocessing = 0;
		};
/* End PBXSourcesBuildPhase section */

/* Begin PBXTargetDependency section */
		6F61BED32383B566000B449F /* PBXTargetDependency */ = {
			isa = PBXTargetDependency;
			target = 6F61BEBA2383B564000B449F /* CheckinControl */;
			targetProxy = 6F61BED22383B566000B449F /* PBXContainerItemProxy */;
		};
/* End PBXTargetDependency section */

/* Begin PBXVariantGroup section */
		6F61BEC42383B565000B449F /* Main.storyboard */ = {
			isa = PBXVariantGroup;
			children = (
				6F61BEC52383B565000B449F /* Base */,
			);
			name = Main.storyboard;
			sourceTree = "<group>";
		};
		6F61BEC92383B566000B449F /* LaunchScreen.storyboard */ = {
			isa = PBXVariantGroup;
			children = (
				6F61BECA2383B566000B449F /* Base */,
			);
			name = LaunchScreen.storyboard;
			sourceTree = "<group>";
		};
/* End PBXVariantGroup section */

/* Begin XCBuildConfiguration section */
		6F61BED82383B566000B449F /* Debug */ = {
			isa = XCBuildConfiguration;
			buildSettings = {
				ALWAYS_SEARCH_USER_PATHS = NO;
				CLANG_ANALYZER_NONNULL = YES;
				CLANG_ANALYZER_NUMBER_OBJECT_CONVERSION = YES_AGGRESSIVE;
				CLANG_CXX_LANGUAGE_STANDARD = "gnu++14";
				CLANG_CXX_LIBRARY = "libc++";
				CLANG_ENABLE_MODULES = YES;
				CLANG_ENABLE_OBJC_ARC = YES;
				CLANG_ENABLE_OBJC_WEAK = YES;
				CLANG_WARN_BLOCK_CAPTURE_AUTORELEASING = YES;
				CLANG_WARN_BOOL_CONVERSION = YES;
				CLANG_WARN_COMMA = YES;
				CLANG_WARN_CONSTANT_CONVERSION = YES;
				CLANG_WARN_DEPRECATED_OBJC_IMPLEMENTATIONS = YES;
				CLANG_WARN_DIRECT_OBJC_ISA_USAGE = YES_ERROR;
				CLANG_WARN_DOCUMENTATION_COMMENTS = YES;
				CLANG_WARN_EMPTY_BODY = YES;
				CLANG_WARN_ENUM_CONVERSION = YES;
				CLANG_WARN_INFINITE_RECURSION = YES;
				CLANG_WARN_INT_CONVERSION = YES;
				CLANG_WARN_NON_LITERAL_NULL_CONVERSION = YES;
				CLANG_WARN_OBJC_IMPLICIT_RETAIN_SELF = YES;
				CLANG_WARN_OBJC_LITERAL_CONVERSION = YES;
				CLANG_WARN_OBJC_ROOT_CLASS = YES_ERROR;
				CLANG_WARN_RANGE_LOOP_ANALYSIS = YES;
				CLANG_WARN_STRICT_PROTOTYPES = YES;
				CLANG_WARN_SUSPICIOUS_MOVE = YES;
				CLANG_WARN_UNGUARDED_AVAILABILITY = YES_AGGRESSIVE;
				CLANG_WARN_UNREACHABLE_CODE = YES;
				CLANG_WARN__DUPLICATE_METHOD_MATCH = YES;
				COPY_PHASE_STRIP = NO;
				DEBUG_INFORMATION_FORMAT = dwarf;
				ENABLE_STRICT_OBJC_MSGSEND = YES;
				ENABLE_TESTABILITY = YES;
				GCC_C_LANGUAGE_STANDARD = gnu11;
				GCC_DYNAMIC_NO_PIC = NO;
				GCC_NO_COMMON_BLOCKS = YES;
				GCC_OPTIMIZATION_LEVEL = 0;
				GCC_PREPROCESSOR_DEFINITIONS = (
					"DEBUG=1",
					"$(inherited)",
				);
				GCC_WARN_64_TO_32_BIT_CONVERSION = YES;
				GCC_WARN_ABOUT_RETURN_TYPE = YES_ERROR;
				GCC_WARN_UNDECLARED_SELECTOR = YES;
				GCC_WARN_UNINITIALIZED_AUTOS = YES_AGGRESSIVE;
				GCC_WARN_UNUSED_FUNCTION = YES;
				GCC_WARN_UNUSED_VARIABLE = YES;
				IPHONEOS_DEPLOYMENT_TARGET = 13.1;
				MTL_ENABLE_DEBUG_INFO = INCLUDE_SOURCE;
				MTL_FAST_MATH = YES;
				ONLY_ACTIVE_ARCH = YES;
				SDKROOT = iphoneos;
				SWIFT_ACTIVE_COMPILATION_CONDITIONS = DEBUG;
				SWIFT_OPTIMIZATION_LEVEL = "-Onone";
			};
			name = Debug;
		};
		6F61BED92383B566000B449F /* Release */ = {
			isa = XCBuildConfiguration;
			buildSettings = {
				ALWAYS_SEARCH_USER_PATHS = NO;
				CLANG_ANALYZER_NONNULL = YES;
				CLANG_ANALYZER_NUMBER_OBJECT_CONVERSION = YES_AGGRESSIVE;
				CLANG_CXX_LANGUAGE_STANDARD = "gnu++14";
				CLANG_CXX_LIBRARY = "libc++";
				CLANG_ENABLE_MODULES = YES;
				CLANG_ENABLE_OBJC_ARC = YES;
				CLANG_ENABLE_OBJC_WEAK = YES;
				CLANG_WARN_BLOCK_CAPTURE_AUTORELEASING = YES;
				CLANG_WARN_BOOL_CONVERSION = YES;
				CLANG_WARN_COMMA = YES;
				CLANG_WARN_CONSTANT_CONVERSION = YES;
				CLANG_WARN_DEPRECATED_OBJC_IMPLEMENTATIONS = YES;
				CLANG_WARN_DIRECT_OBJC_ISA_USAGE = YES_ERROR;
				CLANG_WARN_DOCUMENTATION_COMMENTS = YES;
				CLANG_WARN_EMPTY_BODY = YES;
				CLANG_WARN_ENUM_CONVERSION = YES;
				CLANG_WARN_INFINITE_RECURSION = YES;
				CLANG_WARN_INT_CONVERSION = YES;
				CLANG_WARN_NON_LITERAL_NULL_CONVERSION = YES;
				CLANG_WARN_OBJC_IMPLICIT_RETAIN_SELF = YES;
				CLANG_WARN_OBJC_LITERAL_CONVERSION = YES;
				CLANG_WARN_OBJC_ROOT_CLASS = YES_ERROR;
				CLANG_WARN_RANGE_LOOP_ANALYSIS = YES;
				CLANG_WARN_STRICT_PROTOTYPES = YES;
				CLANG_WARN_SUSPICIOUS_MOVE = YES;
				CLANG_WARN_UNGUARDED_AVAILABILITY = YES_AGGRESSIVE;
				CLANG_WARN_UNREACHABLE_CODE = YES;
				CLANG_WARN__DUPLICATE_METHOD_MATCH = YES;
				COPY_PHASE_STRIP = NO;
				DEBUG_INFORMATION_FORMAT = "dwarf-with-dsym";
				ENABLE_NS_ASSERTIONS = NO;
				ENABLE_STRICT_OBJC_MSGSEND = YES;
				GCC_C_LANGUAGE_STANDARD = gnu11;
				GCC_NO_COMMON_BLOCKS = YES;
				GCC_WARN_64_TO_32_BIT_CONVERSION = YES;
				GCC_WARN_ABOUT_RETURN_TYPE = YES_ERROR;
				GCC_WARN_UNDECLARED_SELECTOR = YES;
				GCC_WARN_UNINITIALIZED_AUTOS = YES_AGGRESSIVE;
				GCC_WARN_UNUSED_FUNCTION = YES;
				GCC_WARN_UNUSED_VARIABLE = YES;
				IPHONEOS_DEPLOYMENT_TARGET = 13.1;
				MTL_ENABLE_DEBUG_INFO = NO;
				MTL_FAST_MATH = YES;
				SDKROOT = iphoneos;
				SWIFT_COMPILATION_MODE = wholemodule;
				SWIFT_OPTIMIZATION_LEVEL = "-O";
				VALIDATE_PRODUCT = YES;
			};
			name = Release;
		};
		6F61BEDB2383B566000B449F /* Debug */ = {
			isa = XCBuildConfiguration;
			buildSettings = {
				ASSETCATALOG_COMPILER_APPICON_NAME = AppIcon;
				CODE_SIGN_STYLE = Automatic;
				INFOPLIST_FILE = CheckinControl/Info.plist;
				LD_RUNPATH_SEARCH_PATHS = (
					"$(inherited)",
					"@executable_path/Frameworks",
				);
				PRODUCT_BUNDLE_IDENTIFIER = com.example.CheckinControl;
				PRODUCT_NAME = "$(TARGET_NAME)";
				SWIFT_VERSION = 5.0;
				TARGETED_DEVICE_FAMILY = "1,2";
			};
			name = Debug;
		};
		6F61BEDC2383B566000B449F /* Release */ = {
			isa = XCBuildConfiguration;
			buildSettings = {
				ASSETCATALOG_COMPILER_APPICON_NAME = AppIcon;
				CODE_SIGN_STYLE = Automatic;
				INFOPLIST_FILE = CheckinControl/Info.plist;
				LD_RUNPATH_SEARCH_PATHS = (
					"$(inherited)",
					"@executable_path/Frameworks",
				);
				PRODUCT_BUNDLE_IDENTIFIER = com.example.CheckinControl;
				PRODUCT_NAME = "$(TARGET_NAME)";
				SWIFT_VERSION = 5.0;
				TARGETED_DEVICE_FAMILY = "1,2";
			};
			name = Release;
		};
		6F61BEDE2383B566000B449F /* Debug */ = {
			isa = XCBuildConfiguration;
			buildSettings = {
				ALWAYS_EMBED_SWIFT_STANDARD_LIBRARIES = YES;
				BUNDLE_LOADER = "$(TEST_HOST)";
				CODE_SIGN_STYLE = Automatic;
				INFOPLIST_FILE = CheckinControlTests/Info.plist;
				IPHONEOS_DEPLOYMENT_TARGET = 13.1;
				LD_RUNPATH_SEARCH_PATHS = (
					"$(inherited)",
					"@executable_path/Frameworks",
					"@loader_path/Frameworks",
				);
				PRODUCT_BUNDLE_IDENTIFIER = com.example.CheckinControlTests;
				PRODUCT_NAME = "$(TARGET_NAME)";
				SWIFT_VERSION = 5.0;
				TARGETED_DEVICE_FAMILY = "1,2";
				TEST_HOST = "$(BUILT_PRODUCTS_DIR)/CheckinControl.app/CheckinControl";
			};
			name = Debug;
		};
		6F61BEDF2383B566000B449F /* Release */ = {
			isa = XCBuildConfiguration;
			buildSettings = {
				ALWAYS_EMBED_SWIFT_STANDARD_LIBRARIES = YES;
				BUNDLE_LOADER = "$(TEST_HOST)";
				CODE_SIGN_STYLE = Automatic;
				INFOPLIST_FILE = CheckinControlTests/Info.plist;
				IPHONEOS_DEPLOYMENT_TARGET = 13.1;
				LD_RUNPATH_SEARCH_PATHS = (
					"$(inherited)",
					"@executable_path/Frameworks",
					"@loader_path/Frameworks",
				);
				PRODUCT_BUNDLE_IDENTIFIER = com.example.CheckinControlTests;
				PRODUCT_NAME = "$(TARGET_NAME)";
				SWIFT_VERSION = 5.0;
				TARGETED_DEVICE_FAMILY = "1,2";
				TEST_HOST = "$(BUILT_PRODUCTS_DIR)/CheckinControl.app/CheckinControl";
			};
			name = Release;
		};
/* End XCBuildConfiguration section */

/* Begin XCConfigurationList section */
		6F61BEB62383B564000B449F /* Build configuration list for PBXProject "CheckinControl" */ = {
			isa = XCConfigurationList;
			buildConfigurations = (
				6F61BED82383B566000B449F /* Debug */,
				6F61BED92383B566000B449F /* Release */,
			);
			defaultConfigurationIsVisible = 0;
			defaultConfigurationName = Release;
		};
		6F61BEDA2383B566000B449F /* Build configuration list for PBXNativeTarget "CheckinControl" */ = {
			isa = XCConfigurationList;
			buildConfigurations = (
				6F61BEDB2383B566000B449F /* Debug */,
				6F61BEDC2383B566000B449F /* Release */,
			);
			defaultConfigurationIsVisible = 0;
			defaultConfigurationName = Release;
		};
		6F61BEDD2383B566000B449F /* Build configuration list for PBXNativeTarget "CheckinControlTests" */ = {
			isa = XCConfigurationList;
			buildConfigurations = (
				6F61BEDE2383B566000B449F /* Debug */,
				6F61BEDF2383B566000B449F /* Release */,
			);
			defaultConfigurationIsVisible = 0;
			defaultConfigurationName = Release;
		};
/* End XCConfigurationList section */
	};
	rootObject = 6F61BEB32383B564000B449F /* Project object */;
}
